
Microsoft Visual Studio Solution File, Format Version 12.00
# Visual Studio Version 17
VisualStudioVersion = 17.12.35506.116 d17.12
MinimumVisualStudioVersion = 10.0.40219.1
Project("{FAE04EC0-301F-11D3-BF4B-00C04F79EFBC}") = "Ontijt_Sebastian_Lab1", "Ontijt_Sebastian_Lab1.csproj", "{6B6654E9-7128-4B20-A0F7-4FE7B7ED76EF}"
EndProject
Global
	GlobalSection(SolutionConfigurationPlatforms) = preSolution
		Debug|Any CPU = Debug|Any CPU
		Release|Any CPU = Release|Any CPU
	EndGlobalSection
	GlobalSection(ProjectConfigurationPlatforms) = postSolution
		{6B6654E9-7128-4B20-A0F7-4FE7B7ED76EF}.Debug|Any CPU.ActiveCfg = Debug|Any CPU
		{6B6654E9-7128-4B20-A0F7-4FE7B7ED76EF}.Debug|Any CPU.Build.0 = Debug|Any CPU
		{6B6654E9-7128-4B20-A0F7-4FE7B7ED76EF}.Release|Any CPU.ActiveCfg = Release|Any CPU
		{6B6654E9-7128-4B20-A0F7-4FE7B7ED76EF}.Release|Any CPU.Build.0 = Release|Any CPU
	EndGlobalSection
	GlobalSection(SolutionProperties) = preSolution
		HideSolutionNode = FALSE
	EndGlobalSection
EndGlobal
